
Microsoft Visual Studio Solution File, Format Version 10.00
# Visual Studio 2008
Project("{FAE04EC0-301F-11D3-BF4B-00C04F79EFBC}") = "QI4N.Framework", "QI4N.Framework\QI4N.Framework.csproj", "{46604E99-EE88-42DD-B56D-B396E4886CE2}"
EndProject
Project("{FAE04EC0-301F-11D3-BF4B-00C04F79EFBC}") = "ConsoleApplication23", "TestHost\ConsoleApplication23.csproj", "{7D4E0AC2-3081-461D-8F71-BD739A60C8BF}"
EndProject
Project("{FAE04EC0-301F-11D3-BF4B-00C04F79EFBC}") = "QI4N.Framework.Runtime", "QI4N.Framework.Runtime\QI4N.Framework.Runtime.csproj", "{3A3108B6-75C3-400A-BF52-F8F1B9B74D48}"
EndProject
Project("{FAE04EC0-301F-11D3-BF4B-00C04F79EFBC}") = "QI4N.Framework.Bootstrap", "QI4N.Framework.Bootstrap\QI4N.Framework.Bootstrap.csproj", "{C6ACF8F0-5F35-40CC-B4D2-C0C782A3C133}"
EndProject
Project("{FAE04EC0-301F-11D3-BF4B-00C04F79EFBC}") = "QI4N.Framework.Runtime.Tests", "QI4N.Framework.Runtime.Tests\QI4N.Framework.Runtime.Tests.csproj", "{437D244E-3F7D-492D-B78D-87D7CD5EFFC4}"
EndProject
Project("{2150E333-8FDC-42A3-9474-1A3956D46DE8}") = "Solution Items", "Solution Items", "{44720430-8F0B-4570-ADAC-458EAFE2BF27}"
	ProjectSection(SolutionItems) = preProject
		LocalTestRun.testrunconfig = LocalTestRun.testrunconfig
		QI4N.Framework.vsmdi = QI4N.Framework.vsmdi
	EndProjectSection
EndProject
Project("{FAE04EC0-301F-11D3-BF4B-00C04F79EFBC}") = "CompositeDiagrammer", "CompositeDiagrammer\CompositeDiagrammer.csproj", "{DD46C22E-72C9-42D2-A5A8-C739A0C9392C}"
EndProject
Global
	GlobalSection(TestCaseManagementSettings) = postSolution
		CategoryFile = QI4N.Framework.vsmdi
	EndGlobalSection
	GlobalSection(SolutionConfigurationPlatforms) = preSolution
		Debug|Any CPU = Debug|Any CPU
		Release|Any CPU = Release|Any CPU
	EndGlobalSection
	GlobalSection(ProjectConfigurationPlatforms) = postSolution
		{46604E99-EE88-42DD-B56D-B396E4886CE2}.Debug|Any CPU.ActiveCfg = Debug|Any CPU
		{46604E99-EE88-42DD-B56D-B396E4886CE2}.Debug|Any CPU.Build.0 = Debug|Any CPU
		{46604E99-EE88-42DD-B56D-B396E4886CE2}.Release|Any CPU.ActiveCfg = Release|Any CPU
		{46604E99-EE88-42DD-B56D-B396E4886CE2}.Release|Any CPU.Build.0 = Release|Any CPU
		{7D4E0AC2-3081-461D-8F71-BD739A60C8BF}.Debug|Any CPU.ActiveCfg = Debug|Any CPU
		{7D4E0AC2-3081-461D-8F71-BD739A60C8BF}.Debug|Any CPU.Build.0 = Debug|Any CPU
		{7D4E0AC2-3081-461D-8F71-BD739A60C8BF}.Release|Any CPU.ActiveCfg = Release|Any CPU
		{7D4E0AC2-3081-461D-8F71-BD739A60C8BF}.Release|Any CPU.Build.0 = Release|Any CPU
		{3A3108B6-75C3-400A-BF52-F8F1B9B74D48}.Debug|Any CPU.ActiveCfg = Debug|Any CPU
		{3A3108B6-75C3-400A-BF52-F8F1B9B74D48}.Debug|Any CPU.Build.0 = Debug|Any CPU
		{3A3108B6-75C3-400A-BF52-F8F1B9B74D48}.Release|Any CPU.ActiveCfg = Release|Any CPU
		{3A3108B6-75C3-400A-BF52-F8F1B9B74D48}.Release|Any CPU.Build.0 = Release|Any CPU
		{C6ACF8F0-5F35-40CC-B4D2-C0C782A3C133}.Debug|Any CPU.ActiveCfg = Debug|Any CPU
		{C6ACF8F0-5F35-40CC-B4D2-C0C782A3C133}.Debug|Any CPU.Build.0 = Debug|Any CPU
		{C6ACF8F0-5F35-40CC-B4D2-C0C782A3C133}.Release|Any CPU.ActiveCfg = Release|Any CPU
		{C6ACF8F0-5F35-40CC-B4D2-C0C782A3C133}.Release|Any CPU.Build.0 = Release|Any CPU
		{437D244E-3F7D-492D-B78D-87D7CD5EFFC4}.Debug|Any CPU.ActiveCfg = Debug|Any CPU
		{437D244E-3F7D-492D-B78D-87D7CD5EFFC4}.Debug|Any CPU.Build.0 = Debug|Any CPU
		{437D244E-3F7D-492D-B78D-87D7CD5EFFC4}.Release|Any CPU.ActiveCfg = Release|Any CPU
		{437D244E-3F7D-492D-B78D-87D7CD5EFFC4}.Release|Any CPU.Build.0 = Release|Any CPU
		{DD46C22E-72C9-42D2-A5A8-C739A0C9392C}.Debug|Any CPU.ActiveCfg = Debug|Any CPU
		{DD46C22E-72C9-42D2-A5A8-C739A0C9392C}.Debug|Any CPU.Build.0 = Debug|Any CPU
		{DD46C22E-72C9-42D2-A5A8-C739A0C9392C}.Release|Any CPU.ActiveCfg = Release|Any CPU
		{DD46C22E-72C9-42D2-A5A8-C739A0C9392C}.Release|Any CPU.Build.0 = Release|Any CPU
	EndGlobalSection
	GlobalSection(SolutionProperties) = preSolution
		HideSolutionNode = FALSE
	EndGlobalSection
EndGlobal
