
Microsoft Visual Studio Solution File, Format Version 10.00
# Visual Studio 2008
Project("{FAE04EC0-301F-11D3-BF4B-00C04F79EFBC}") = "MpiLisa", "MpiLisa\MpiLisa.csproj", "{B99B03D3-9060-4EEE-B28F-CF61D84DCAEF}"
EndProject
Project("{FAE04EC0-301F-11D3-BF4B-00C04F79EFBC}") = "GenArt.Core", "..\..\..\SVN\Genetics\EvoLisa\Core\GenArt.Core.csproj", "{E4DF4818-A171-41E0-9AC4-4FDB8AF6482A}"
EndProject
Global
	GlobalSection(SolutionConfigurationPlatforms) = preSolution
		Debug|Any CPU = Debug|Any CPU
		Release|Any CPU = Release|Any CPU
	EndGlobalSection
	GlobalSection(ProjectConfigurationPlatforms) = postSolution
		{B99B03D3-9060-4EEE-B28F-CF61D84DCAEF}.Debug|Any CPU.ActiveCfg = Debug|Any CPU
		{B99B03D3-9060-4EEE-B28F-CF61D84DCAEF}.Debug|Any CPU.Build.0 = Debug|Any CPU
		{B99B03D3-9060-4EEE-B28F-CF61D84DCAEF}.Release|Any CPU.ActiveCfg = Release|Any CPU
		{B99B03D3-9060-4EEE-B28F-CF61D84DCAEF}.Release|Any CPU.Build.0 = Release|Any CPU
		{E4DF4818-A171-41E0-9AC4-4FDB8AF6482A}.Debug|Any CPU.ActiveCfg = Debug|Any CPU
		{E4DF4818-A171-41E0-9AC4-4FDB8AF6482A}.Debug|Any CPU.Build.0 = Debug|Any CPU
		{E4DF4818-A171-41E0-9AC4-4FDB8AF6482A}.Release|Any CPU.ActiveCfg = Release|Any CPU
		{E4DF4818-A171-41E0-9AC4-4FDB8AF6482A}.Release|Any CPU.Build.0 = Release|Any CPU
	EndGlobalSection
	GlobalSection(SolutionProperties) = preSolution
		HideSolutionNode = FALSE
	EndGlobalSection
EndGlobal
