
Microsoft Visual Studio Solution File, Format Version 10.00
# Visual Studio 2008
Project("{FAE04EC0-301F-11D3-BF4B-00C04F79EFBC}") = "Alsing.AlbinoHorse", "Alsing.AlbinoHorse\Alsing.AlbinoHorse.csproj", "{4E22716D-047F-4CBC-9B86-785E2A0CAB67}"
EndProject
Global
	GlobalSection(SolutionConfigurationPlatforms) = preSolution
		Debug|Any CPU = Debug|Any CPU
		NPDebug|Any CPU = NPDebug|Any CPU
		Release|Any CPU = Release|Any CPU
	EndGlobalSection
	GlobalSection(ProjectConfigurationPlatforms) = postSolution
		{4E22716D-047F-4CBC-9B86-785E2A0CAB67}.Debug|Any CPU.ActiveCfg = Debug|Any CPU
		{4E22716D-047F-4CBC-9B86-785E2A0CAB67}.Debug|Any CPU.Build.0 = Debug|Any CPU
		{4E22716D-047F-4CBC-9B86-785E2A0CAB67}.NPDebug|Any CPU.ActiveCfg = Debug|Any CPU
		{4E22716D-047F-4CBC-9B86-785E2A0CAB67}.NPDebug|Any CPU.Build.0 = Debug|Any CPU
		{4E22716D-047F-4CBC-9B86-785E2A0CAB67}.Release|Any CPU.ActiveCfg = Release|Any CPU
		{4E22716D-047F-4CBC-9B86-785E2A0CAB67}.Release|Any CPU.Build.0 = Release|Any CPU
	EndGlobalSection
	GlobalSection(SolutionProperties) = preSolution
		HideSolutionNode = FALSE
	EndGlobalSection
EndGlobal
